
Microsoft Visual Studio Solution File, Format Version 12.00
# Visual Studio Version 16
VisualStudioVersion = 16.0.31702.278
MinimumVisualStudioVersion = 10.0.40219.1
Project("{FAE04EC0-301F-11D3-BF4B-00C04F79EFBC}") = "ReltechApi", "ReltechApi\ReltechApi.csproj", "{11B28C84-5C9F-407D-95D2-26733B8AFC17}"
EndProject
Global
	GlobalSection(SolutionConfigurationPlatforms) = preSolution
		Debug|Any CPU = Debug|Any CPU
		Release|Any CPU = Release|Any CPU
	EndGlobalSection
	GlobalSection(ProjectConfigurationPlatforms) = postSolution
		{11B28C84-5C9F-407D-95D2-26733B8AFC17}.Debug|Any CPU.ActiveCfg = Debug|Any CPU
		{11B28C84-5C9F-407D-95D2-26733B8AFC17}.Debug|Any CPU.Build.0 = Debug|Any CPU
		{11B28C84-5C9F-407D-95D2-26733B8AFC17}.Release|Any CPU.ActiveCfg = Release|Any CPU
		{11B28C84-5C9F-407D-95D2-26733B8AFC17}.Release|Any CPU.Build.0 = Release|Any CPU
	EndGlobalSection
	GlobalSection(SolutionProperties) = preSolution
		HideSolutionNode = FALSE
	EndGlobalSection
	GlobalSection(ExtensibilityGlobals) = postSolution
		SolutionGuid = {5EAC566E-54B8-4AB4-BE1E-B19AA76BFDD6}
	EndGlobalSection
EndGlobal
